Microsoft Visual Studio Solution File, Format Version 8.00
Project("{8BC9CEB8-8B4A-11D0-8D11-00A0C91BC942}") = "Enterprise", "Enterprise.vcproj", "{2C460A07-59D6-4417-A499-086EEC94A346}"
	ProjectSection(ProjectDependencies) = postProject
		{E1EC439A-64F8-427A-A28C-A65ACEAAA03F} = {E1EC439A-64F8-427A-A28C-A65ACEAAA03F}
	EndProjectSection
EndProject
Project("{8BC9CEB8-8B4A-11D0-8D11-00A0C91BC942}") = "ServerCOM", "PLUGINS\ServerCOM\ServerCOM.vcproj", "{B2F16D40-6AFC-4812-8759-A24EB4920B53}"
	ProjectSection(ProjectDependencies) = postProject
	EndProjectSection
EndProject
Project("{8BC9CEB8-8B4A-11D0-8D11-00A0C91BC942}") = "ServerSQL", "Plugins\ServerSQL\ServerSQL.vcproj", "{67F0DE58-FCA3-400B-82B9-9C0657E09D4F}"
	ProjectSection(ProjectDependencies) = postProject
	EndProjectSection
EndProject
Project("{8BC9CEB8-8B4A-11D0-8D11-00A0C91BC942}") = "Test", "Plugins\WinSock\Test.vcproj", "{213EC3DF-1412-4DFD-B6D4-72E941360D28}"
	ProjectSection(ProjectDependencies) = postProject
	EndProjectSection
EndProject
Project("{8BC9CEB8-8B4A-11D0-8D11-00A0C91BC942}") = "ZipArchive", "ZipArchive\ZipArchive.vcproj", "{17943EC0-DE97-456E-8154-D7BFB0C2EA72}"
	ProjectSection(ProjectDependencies) = postProject
	EndProjectSection
EndProject
Project("{8BC9CEB8-8B4A-11D0-8D11-00A0C91BC942}") = "plug2c", "Plugins\Reestr\plug2c.vcproj", "{6663CB85-62B8-4384-A2CB-063CB052E4FE}"
	ProjectSection(ProjectDependencies) = postProject
	EndProjectSection
EndProject
Project("{8BC9CEB8-8B4A-11D0-8D11-00A0C91BC942}") = "profuislib", "Prof-UI\profuislib\profuislib.vcproj", "{E1EC439A-64F8-427A-A28C-A65ACEAAA03F}"
	ProjectSection(ProjectDependencies) = postProject
	EndProjectSection
EndProject
Global
	GlobalSection(SolutionConfiguration) = preSolution
		Debug = Debug
		Release = Release
		Release MinDependency = Release MinDependency
		Release MinSize = Release MinSize
		Release2 = Release2
		ReleaseD = ReleaseD
		Static Release = Static Release
		TestSpeed = TestSpeed
		Unicode Debug = Unicode Debug
		Unicode Release = Unicode Release
		Unicode Release MinDependency = Unicode Release MinDependency
		Unicode Release MinSize = Unicode Release MinSize
		Unicode Static Release = Unicode Static Release
	EndGlobalSection
	GlobalSection(ProjectConfiguration) = postSolution
		{2C460A07-59D6-4417-A499-086EEC94A346}.Debug.ActiveCfg = Debug|Win32
		{2C460A07-59D6-4417-A499-086EEC94A346}.Debug.Build.0 = Debug|Win32
		{2C460A07-59D6-4417-A499-086EEC94A346}.Release.ActiveCfg = Release|Win32
		{2C460A07-59D6-4417-A499-086EEC94A346}.Release.Build.0 = Release|Win32
		{2C460A07-59D6-4417-A499-086EEC94A346}.Release MinDependency.ActiveCfg = Release|Win32
		{2C460A07-59D6-4417-A499-086EEC94A346}.Release MinDependency.Build.0 = Release|Win32
		{2C460A07-59D6-4417-A499-086EEC94A346}.Release MinSize.ActiveCfg = Release|Win32
		{2C460A07-59D6-4417-A499-086EEC94A346}.Release MinSize.Build.0 = Release|Win32
		{2C460A07-59D6-4417-A499-086EEC94A346}.Release2.ActiveCfg = Release|Win32
		{2C460A07-59D6-4417-A499-086EEC94A346}.Release2.Build.0 = Release|Win32
		{2C460A07-59D6-4417-A499-086EEC94A346}.ReleaseD.ActiveCfg = Release|Win32
		{2C460A07-59D6-4417-A499-086EEC94A346}.ReleaseD.Build.0 = Release|Win32
		{2C460A07-59D6-4417-A499-086EEC94A346}.Static Release.ActiveCfg = Release|Win32
		{2C460A07-59D6-4417-A499-086EEC94A346}.Static Release.Build.0 = Release|Win32
		{2C460A07-59D6-4417-A499-086EEC94A346}.TestSpeed.ActiveCfg = TestSpeed|Win32
		{2C460A07-59D6-4417-A499-086EEC94A346}.TestSpeed.Build.0 = TestSpeed|Win32
		{2C460A07-59D6-4417-A499-086EEC94A346}.Unicode Debug.ActiveCfg = Debug|Win32
		{2C460A07-59D6-4417-A499-086EEC94A346}.Unicode Debug.Build.0 = Debug|Win32
		{2C460A07-59D6-4417-A499-086EEC94A346}.Unicode Release.ActiveCfg = Release|Win32
		{2C460A07-59D6-4417-A499-086EEC94A346}.Unicode Release.Build.0 = Release|Win32
		{2C460A07-59D6-4417-A499-086EEC94A346}.Unicode Release MinDependency.ActiveCfg = Release|Win32
		{2C460A07-59D6-4417-A499-086EEC94A346}.Unicode Release MinDependency.Build.0 = Release|Win32
		{2C460A07-59D6-4417-A499-086EEC94A346}.Unicode Release MinSize.ActiveCfg = Release|Win32
		{2C460A07-59D6-4417-A499-086EEC94A346}.Unicode Release MinSize.Build.0 = Release|Win32
		{2C460A07-59D6-4417-A499-086EEC94A346}.Unicode Static Release.ActiveCfg = Release|Win32
		{2C460A07-59D6-4417-A499-086EEC94A346}.Unicode Static Release.Build.0 = Release|Win32
		{B2F16D40-6AFC-4812-8759-A24EB4920B53}.Debug.ActiveCfg = Debug|Win32
		{B2F16D40-6AFC-4812-8759-A24EB4920B53}.Debug.Build.0 = Debug|Win32
		{B2F16D40-6AFC-4812-8759-A24EB4920B53}.Release.ActiveCfg = Release MinDependency|Win32
		{B2F16D40-6AFC-4812-8759-A24EB4920B53}.Release.Build.0 = Release MinDependency|Win32
		{B2F16D40-6AFC-4812-8759-A24EB4920B53}.Release MinDependency.ActiveCfg = Release MinDependency|Win32
		{B2F16D40-6AFC-4812-8759-A24EB4920B53}.Release MinDependency.Build.0 = Release MinDependency|Win32
		{B2F16D40-6AFC-4812-8759-A24EB4920B53}.Release MinSize.ActiveCfg = Release MinSize|Win32
		{B2F16D40-6AFC-4812-8759-A24EB4920B53}.Release MinSize.Build.0 = Release MinSize|Win32
		{B2F16D40-6AFC-4812-8759-A24EB4920B53}.Release2.ActiveCfg = Release MinDependency|Win32
		{B2F16D40-6AFC-4812-8759-A24EB4920B53}.Release2.Build.0 = Release MinDependency|Win32
		{B2F16D40-6AFC-4812-8759-A24EB4920B53}.ReleaseD.ActiveCfg = Release MinDependency|Win32
		{B2F16D40-6AFC-4812-8759-A24EB4920B53}.ReleaseD.Build.0 = Release MinDependency|Win32
		{B2F16D40-6AFC-4812-8759-A24EB4920B53}.Static Release.ActiveCfg = Release MinDependency|Win32
		{B2F16D40-6AFC-4812-8759-A24EB4920B53}.Static Release.Build.0 = Release MinDependency|Win32
		{B2F16D40-6AFC-4812-8759-A24EB4920B53}.TestSpeed.ActiveCfg = Release MinDependency|Win32
		{B2F16D40-6AFC-4812-8759-A24EB4920B53}.TestSpeed.Build.0 = Release MinDependency|Win32
		{B2F16D40-6AFC-4812-8759-A24EB4920B53}.Unicode Debug.ActiveCfg = Unicode Debug|Win32
		{B2F16D40-6AFC-4812-8759-A24EB4920B53}.Unicode Debug.Build.0 = Unicode Debug|Win32
		{B2F16D40-6AFC-4812-8759-A24EB4920B53}.Unicode Release.ActiveCfg = Unicode Release MinSize|Win32
		{B2F16D40-6AFC-4812-8759-A24EB4920B53}.Unicode Release.Build.0 = Unicode Release MinSize|Win32
		{B2F16D40-6AFC-4812-8759-A24EB4920B53}.Unicode Release MinDependency.ActiveCfg = Unicode Release MinDependency|Win32
		{B2F16D40-6AFC-4812-8759-A24EB4920B53}.Unicode Release MinDependency.Build.0 = Unicode Release MinDependency|Win32
		{B2F16D40-6AFC-4812-8759-A24EB4920B53}.Unicode Release MinSize.ActiveCfg = Unicode Release MinSize|Win32
		{B2F16D40-6AFC-4812-8759-A24EB4920B53}.Unicode Release MinSize.Build.0 = Unicode Release MinSize|Win32
		{B2F16D40-6AFC-4812-8759-A24EB4920B53}.Unicode Static Release.ActiveCfg = Unicode Release MinSize|Win32
		{B2F16D40-6AFC-4812-8759-A24EB4920B53}.Unicode Static Release.Build.0 = Unicode Release MinSize|Win32
		{67F0DE58-FCA3-400B-82B9-9C0657E09D4F}.Debug.ActiveCfg = Debug|Win32
		{67F0DE58-FCA3-400B-82B9-9C0657E09D4F}.Debug.Build.0 = Debug|Win32
		{67F0DE58-FCA3-400B-82B9-9C0657E09D4F}.Release.ActiveCfg = Release|Win32
		{67F0DE58-FCA3-400B-82B9-9C0657E09D4F}.Release.Build.0 = Release|Win32
		{67F0DE58-FCA3-400B-82B9-9C0657E09D4F}.Release MinDependency.ActiveCfg = Release|Win32
		{67F0DE58-FCA3-400B-82B9-9C0657E09D4F}.Release MinDependency.Build.0 = Release|Win32
		{67F0DE58-FCA3-400B-82B9-9C0657E09D4F}.Release MinSize.ActiveCfg = Release|Win32
		{67F0DE58-FCA3-400B-82B9-9C0657E09D4F}.Release MinSize.Build.0 = Release|Win32
		{67F0DE58-FCA3-400B-82B9-9C0657E09D4F}.Release2.ActiveCfg = Release|Win32
		{67F0DE58-FCA3-400B-82B9-9C0657E09D4F}.Release2.Build.0 = Release|Win32
		{67F0DE58-FCA3-400B-82B9-9C0657E09D4F}.ReleaseD.ActiveCfg = Release|Win32
		{67F0DE58-FCA3-400B-82B9-9C0657E09D4F}.ReleaseD.Build.0 = Release|Win32
		{67F0DE58-FCA3-400B-82B9-9C0657E09D4F}.Static Release.ActiveCfg = Release|Win32
		{67F0DE58-FCA3-400B-82B9-9C0657E09D4F}.Static Release.Build.0 = Release|Win32
		{67F0DE58-FCA3-400B-82B9-9C0657E09D4F}.TestSpeed.ActiveCfg = Debug|Win32
		{67F0DE58-FCA3-400B-82B9-9C0657E09D4F}.TestSpeed.Build.0 = Debug|Win32
		{67F0DE58-FCA3-400B-82B9-9C0657E09D4F}.Unicode Debug.ActiveCfg = Debug|Win32
		{67F0DE58-FCA3-400B-82B9-9C0657E09D4F}.Unicode Debug.Build.0 = Debug|Win32
		{67F0DE58-FCA3-400B-82B9-9C0657E09D4F}.Unicode Release.ActiveCfg = Release|Win32
		{67F0DE58-FCA3-400B-82B9-9C0657E09D4F}.Unicode Release.Build.0 = Release|Win32
		{67F0DE58-FCA3-400B-82B9-9C0657E09D4F}.Unicode Release MinDependency.ActiveCfg = Release|Win32
		{67F0DE58-FCA3-400B-82B9-9C0657E09D4F}.Unicode Release MinDependency.Build.0 = Release|Win32
		{67F0DE58-FCA3-400B-82B9-9C0657E09D4F}.Unicode Release MinSize.ActiveCfg = Release|Win32
		{67F0DE58-FCA3-400B-82B9-9C0657E09D4F}.Unicode Release MinSize.Build.0 = Release|Win32
		{67F0DE58-FCA3-400B-82B9-9C0657E09D4F}.Unicode Static Release.ActiveCfg = Release|Win32
		{67F0DE58-FCA3-400B-82B9-9C0657E09D4F}.Unicode Static Release.Build.0 = Release|Win32
		{213EC3DF-1412-4DFD-B6D4-72E941360D28}.Debug.ActiveCfg = Debug|Win32
		{213EC3DF-1412-4DFD-B6D4-72E941360D28}.Debug.Build.0 = Debug|Win32
		{213EC3DF-1412-4DFD-B6D4-72E941360D28}.Release.ActiveCfg = Release|Win32
		{213EC3DF-1412-4DFD-B6D4-72E941360D28}.Release.Build.0 = Release|Win32
		{213EC3DF-1412-4DFD-B6D4-72E941360D28}.Release MinDependency.ActiveCfg = Release|Win32
		{213EC3DF-1412-4DFD-B6D4-72E941360D28}.Release MinDependency.Build.0 = Release|Win32
		{213EC3DF-1412-4DFD-B6D4-72E941360D28}.Release MinSize.ActiveCfg = Release|Win32
		{213EC3DF-1412-4DFD-B6D4-72E941360D28}.Release MinSize.Build.0 = Release|Win32
		{213EC3DF-1412-4DFD-B6D4-72E941360D28}.Release2.ActiveCfg = ReleaseD|Win32
		{213EC3DF-1412-4DFD-B6D4-72E941360D28}.Release2.Build.0 = ReleaseD|Win32
		{213EC3DF-1412-4DFD-B6D4-72E941360D28}.ReleaseD.ActiveCfg = ReleaseD|Win32
		{213EC3DF-1412-4DFD-B6D4-72E941360D28}.ReleaseD.Build.0 = ReleaseD|Win32
		{213EC3DF-1412-4DFD-B6D4-72E941360D28}.Static Release.ActiveCfg = Release|Win32
		{213EC3DF-1412-4DFD-B6D4-72E941360D28}.Static Release.Build.0 = Release|Win32
		{213EC3DF-1412-4DFD-B6D4-72E941360D28}.TestSpeed.ActiveCfg = ReleaseD|Win32
		{213EC3DF-1412-4DFD-B6D4-72E941360D28}.TestSpeed.Build.0 = ReleaseD|Win32
		{213EC3DF-1412-4DFD-B6D4-72E941360D28}.Unicode Debug.ActiveCfg = Debug|Win32
		{213EC3DF-1412-4DFD-B6D4-72E941360D28}.Unicode Debug.Build.0 = Debug|Win32
		{213EC3DF-1412-4DFD-B6D4-72E941360D28}.Unicode Release.ActiveCfg = Release|Win32
		{213EC3DF-1412-4DFD-B6D4-72E941360D28}.Unicode Release.Build.0 = Release|Win32
		{213EC3DF-1412-4DFD-B6D4-72E941360D28}.Unicode Release MinDependency.ActiveCfg = Release|Win32
		{213EC3DF-1412-4DFD-B6D4-72E941360D28}.Unicode Release MinDependency.Build.0 = Release|Win32
		{213EC3DF-1412-4DFD-B6D4-72E941360D28}.Unicode Release MinSize.ActiveCfg = Release|Win32
		{213EC3DF-1412-4DFD-B6D4-72E941360D28}.Unicode Release MinSize.Build.0 = Release|Win32
		{213EC3DF-1412-4DFD-B6D4-72E941360D28}.Unicode Static Release.ActiveCfg = Release|Win32
		{213EC3DF-1412-4DFD-B6D4-72E941360D28}.Unicode Static Release.Build.0 = Release|Win32
		{17943EC0-DE97-456E-8154-D7BFB0C2EA72}.Debug.ActiveCfg = Debug|Win32
		{17943EC0-DE97-456E-8154-D7BFB0C2EA72}.Debug.Build.0 = Debug|Win32
		{17943EC0-DE97-456E-8154-D7BFB0C2EA72}.Release.ActiveCfg = Release|Win32
		{17943EC0-DE97-456E-8154-D7BFB0C2EA72}.Release.Build.0 = Release|Win32
		{17943EC0-DE97-456E-8154-D7BFB0C2EA72}.Release MinDependency.ActiveCfg = Release|Win32
		{17943EC0-DE97-456E-8154-D7BFB0C2EA72}.Release MinDependency.Build.0 = Release|Win32
		{17943EC0-DE97-456E-8154-D7BFB0C2EA72}.Release MinSize.ActiveCfg = Release|Win32
		{17943EC0-DE97-456E-8154-D7BFB0C2EA72}.Release MinSize.Build.0 = Release|Win32
		{17943EC0-DE97-456E-8154-D7BFB0C2EA72}.Release2.ActiveCfg = Release2|Win32
		{17943EC0-DE97-456E-8154-D7BFB0C2EA72}.Release2.Build.0 = Release2|Win32
		{17943EC0-DE97-456E-8154-D7BFB0C2EA72}.ReleaseD.ActiveCfg = Release|Win32
		{17943EC0-DE97-456E-8154-D7BFB0C2EA72}.ReleaseD.Build.0 = Release|Win32
		{17943EC0-DE97-456E-8154-D7BFB0C2EA72}.Static Release.ActiveCfg = Static Release|Win32
		{17943EC0-DE97-456E-8154-D7BFB0C2EA72}.Static Release.Build.0 = Static Release|Win32
		{17943EC0-DE97-456E-8154-D7BFB0C2EA72}.TestSpeed.ActiveCfg = Unicode Release|Win32
		{17943EC0-DE97-456E-8154-D7BFB0C2EA72}.TestSpeed.Build.0 = Unicode Release|Win32
		{17943EC0-DE97-456E-8154-D7BFB0C2EA72}.Unicode Debug.ActiveCfg = Unicode Debug|Win32
		{17943EC0-DE97-456E-8154-D7BFB0C2EA72}.Unicode Debug.Build.0 = Unicode Debug|Win32
		{17943EC0-DE97-456E-8154-D7BFB0C2EA72}.Unicode Release.ActiveCfg = Unicode Release|Win32
		{17943EC0-DE97-456E-8154-D7BFB0C2EA72}.Unicode Release.Build.0 = Unicode Release|Win32
		{17943EC0-DE97-456E-8154-D7BFB0C2EA72}.Unicode Release MinDependency.ActiveCfg = Unicode Release|Win32
		{17943EC0-DE97-456E-8154-D7BFB0C2EA72}.Unicode Release MinDependency.Build.0 = Unicode Release|Win32
		{17943EC0-DE97-456E-8154-D7BFB0C2EA72}.Unicode Release MinSize.ActiveCfg = Unicode Release|Win32
		{17943EC0-DE97-456E-8154-D7BFB0C2EA72}.Unicode Release MinSize.Build.0 = Unicode Release|Win32
		{17943EC0-DE97-456E-8154-D7BFB0C2EA72}.Unicode Static Release.ActiveCfg = Unicode Static Release|Win32
		{17943EC0-DE97-456E-8154-D7BFB0C2EA72}.Unicode Static Release.Build.0 = Unicode Static Release|Win32
		{6663CB85-62B8-4384-A2CB-063CB052E4FE}.Debug.ActiveCfg = Debug|Win32
		{6663CB85-62B8-4384-A2CB-063CB052E4FE}.Debug.Build.0 = Debug|Win32
		{6663CB85-62B8-4384-A2CB-063CB052E4FE}.Release.ActiveCfg = Release|Win32
		{6663CB85-62B8-4384-A2CB-063CB052E4FE}.Release.Build.0 = Release|Win32
		{6663CB85-62B8-4384-A2CB-063CB052E4FE}.Release MinDependency.ActiveCfg = Release|Win32
		{6663CB85-62B8-4384-A2CB-063CB052E4FE}.Release MinDependency.Build.0 = Release|Win32
		{6663CB85-62B8-4384-A2CB-063CB052E4FE}.Release MinSize.ActiveCfg = Release|Win32
		{6663CB85-62B8-4384-A2CB-063CB052E4FE}.Release MinSize.Build.0 = Release|Win32
		{6663CB85-62B8-4384-A2CB-063CB052E4FE}.Release2.ActiveCfg = Release|Win32
		{6663CB85-62B8-4384-A2CB-063CB052E4FE}.Release2.Build.0 = Release|Win32
		{6663CB85-62B8-4384-A2CB-063CB052E4FE}.ReleaseD.ActiveCfg = Release|Win32
		{6663CB85-62B8-4384-A2CB-063CB052E4FE}.ReleaseD.Build.0 = Release|Win32
		{6663CB85-62B8-4384-A2CB-063CB052E4FE}.Static Release.ActiveCfg = Release|Win32
		{6663CB85-62B8-4384-A2CB-063CB052E4FE}.Static Release.Build.0 = Release|Win32
		{6663CB85-62B8-4384-A2CB-063CB052E4FE}.TestSpeed.ActiveCfg = Debug|Win32
		{6663CB85-62B8-4384-A2CB-063CB052E4FE}.TestSpeed.Build.0 = Debug|Win32
		{6663CB85-62B8-4384-A2CB-063CB052E4FE}.Unicode Debug.ActiveCfg = Debug|Win32
		{6663CB85-62B8-4384-A2CB-063CB052E4FE}.Unicode Debug.Build.0 = Debug|Win32
		{6663CB85-62B8-4384-A2CB-063CB052E4FE}.Unicode Release.ActiveCfg = Release|Win32
		{6663CB85-62B8-4384-A2CB-063CB052E4FE}.Unicode Release.Build.0 = Release|Win32
		{6663CB85-62B8-4384-A2CB-063CB052E4FE}.Unicode Release MinDependency.ActiveCfg = Release|Win32
		{6663CB85-62B8-4384-A2CB-063CB052E4FE}.Unicode Release MinDependency.Build.0 = Release|Win32
		{6663CB85-62B8-4384-A2CB-063CB052E4FE}.Unicode Release MinSize.ActiveCfg = Release|Win32
		{6663CB85-62B8-4384-A2CB-063CB052E4FE}.Unicode Release MinSize.Build.0 = Release|Win32
		{6663CB85-62B8-4384-A2CB-063CB052E4FE}.Unicode Static Release.ActiveCfg = Release|Win32
		{6663CB85-62B8-4384-A2CB-063CB052E4FE}.Unicode Static Release.Build.0 = Release|Win32
		{E1EC439A-64F8-427A-A28C-A65ACEAAA03F}.Debug.ActiveCfg = Debug|Win32
		{E1EC439A-64F8-427A-A28C-A65ACEAAA03F}.Debug.Build.0 = Debug|Win32
		{E1EC439A-64F8-427A-A28C-A65ACEAAA03F}.Release.ActiveCfg = Release|Win32
		{E1EC439A-64F8-427A-A28C-A65ACEAAA03F}.Release.Build.0 = Release|Win32
		{E1EC439A-64F8-427A-A28C-A65ACEAAA03F}.Release MinDependency.ActiveCfg = Release|Win32
		{E1EC439A-64F8-427A-A28C-A65ACEAAA03F}.Release MinDependency.Build.0 = Release|Win32
		{E1EC439A-64F8-427A-A28C-A65ACEAAA03F}.Release MinSize.ActiveCfg = Release|Win32
		{E1EC439A-64F8-427A-A28C-A65ACEAAA03F}.Release MinSize.Build.0 = Release|Win32
		{E1EC439A-64F8-427A-A28C-A65ACEAAA03F}.Release2.ActiveCfg = Release|Win32
		{E1EC439A-64F8-427A-A28C-A65ACEAAA03F}.Release2.Build.0 = Release|Win32
		{E1EC439A-64F8-427A-A28C-A65ACEAAA03F}.ReleaseD.ActiveCfg = Release|Win32
		{E1EC439A-64F8-427A-A28C-A65ACEAAA03F}.ReleaseD.Build.0 = Release|Win32
		{E1EC439A-64F8-427A-A28C-A65ACEAAA03F}.Static Release.ActiveCfg = Release|Win32
		{E1EC439A-64F8-427A-A28C-A65ACEAAA03F}.Static Release.Build.0 = Release|Win32
		{E1EC439A-64F8-427A-A28C-A65ACEAAA03F}.TestSpeed.ActiveCfg = Release|Win32
		{E1EC439A-64F8-427A-A28C-A65ACEAAA03F}.TestSpeed.Build.0 = Release|Win32
		{E1EC439A-64F8-427A-A28C-A65ACEAAA03F}.Unicode Debug.ActiveCfg = Debug|Win32
		{E1EC439A-64F8-427A-A28C-A65ACEAAA03F}.Unicode Debug.Build.0 = Debug|Win32
		{E1EC439A-64F8-427A-A28C-A65ACEAAA03F}.Unicode Release.ActiveCfg = Release|Win32
		{E1EC439A-64F8-427A-A28C-A65ACEAAA03F}.Unicode Release.Build.0 = Release|Win32
		{E1EC439A-64F8-427A-A28C-A65ACEAAA03F}.Unicode Release MinDependency.ActiveCfg = Release|Win32
		{E1EC439A-64F8-427A-A28C-A65ACEAAA03F}.Unicode Release MinDependency.Build.0 = Release|Win32
		{E1EC439A-64F8-427A-A28C-A65ACEAAA03F}.Unicode Release MinSize.ActiveCfg = Release|Win32
		{E1EC439A-64F8-427A-A28C-A65ACEAAA03F}.Unicode Release MinSize.Build.0 = Release|Win32
		{E1EC439A-64F8-427A-A28C-A65ACEAAA03F}.Unicode Static Release.ActiveCfg = Release|Win32
		{E1EC439A-64F8-427A-A28C-A65ACEAAA03F}.Unicode Static Release.Build.0 = Release|Win32
	EndGlobalSection
	GlobalSection(ExtensibilityGlobals) = postSolution
	EndGlobalSection
	GlobalSection(ExtensibilityAddIns) = postSolution
	EndGlobalSection
EndGlobal
